
Microsoft Visual Studio Solution File, Format Version 12.00
# Visual Studio Version 17
VisualStudioVersion = 17.14.36518.9
MinimumVisualStudioVersion = 10.0.40219.1
Project("{FAE04EC0-301F-11D3-BF4B-00C04F79EFBC}") = "AccountingApp", "AccountingApp\AccountingApp\AccountingApp.csproj", "{9F680278-BE20-44AE-AFD6-544CA40CC46A}"
EndProject
Project("{FAE04EC0-301F-11D3-BF4B-00C04F79EFBC}") = "AccountingApp.Client", "AccountingApp\AccountingApp.Client\AccountingApp.Client.csproj", "{9A20FB63-E093-462F-89A7-7732F27B5700}"
EndProject
Project("{FAE04EC0-301F-11D3-BF4B-00C04F79EFBC}") = "AccountingApp.Shared", "AccountingApp.Shared\AccountingApp.Shared.csproj", "{86DCBBAC-7F3F-483A-B901-C6578FE8FA52}"
EndProject
Global
	GlobalSection(SolutionConfigurationPlatforms) = preSolution
		Debug|Any CPU = Debug|Any CPU
		Release|Any CPU = Release|Any CPU
	EndGlobalSection
	GlobalSection(ProjectConfigurationPlatforms) = postSolution
		{9F680278-BE20-44AE-AFD6-544CA40CC46A}.Debug|Any CPU.ActiveCfg = Debug|Any CPU
		{9F680278-BE20-44AE-AFD6-544CA40CC46A}.Debug|Any CPU.Build.0 = Debug|Any CPU
		{9F680278-BE20-44AE-AFD6-544CA40CC46A}.Release|Any CPU.ActiveCfg = Release|Any CPU
		{9F680278-BE20-44AE-AFD6-544CA40CC46A}.Release|Any CPU.Build.0 = Release|Any CPU
		{9A20FB63-E093-462F-89A7-7732F27B5700}.Debug|Any CPU.ActiveCfg = Debug|Any CPU
		{9A20FB63-E093-462F-89A7-7732F27B5700}.Debug|Any CPU.Build.0 = Debug|Any CPU
		{9A20FB63-E093-462F-89A7-7732F27B5700}.Release|Any CPU.ActiveCfg = Release|Any CPU
		{9A20FB63-E093-462F-89A7-7732F27B5700}.Release|Any CPU.Build.0 = Release|Any CPU
		{86DCBBAC-7F3F-483A-B901-C6578FE8FA52}.Debug|Any CPU.ActiveCfg = Debug|Any CPU
		{86DCBBAC-7F3F-483A-B901-C6578FE8FA52}.Debug|Any CPU.Build.0 = Debug|Any CPU
		{86DCBBAC-7F3F-483A-B901-C6578FE8FA52}.Release|Any CPU.ActiveCfg = Release|Any CPU
		{86DCBBAC-7F3F-483A-B901-C6578FE8FA52}.Release|Any CPU.Build.0 = Release|Any CPU
	EndGlobalSection
	GlobalSection(SolutionProperties) = preSolution
		HideSolutionNode = FALSE
	EndGlobalSection
	GlobalSection(ExtensibilityGlobals) = postSolution
		SolutionGuid = {E321CC35-E413-4633-B5A3-4C451617242D}
	EndGlobalSection
EndGlobal
